// !$*UTF8*$!
{
	archiveVersion = 1;
	classes = {
	};
	objectVersion = 46;
	objects = {

/* Begin PBXBuildFile section */
		7DB93CDB664CE0329B072525 /* Pods_Pokedex3.framework in Frameworks */ = {isa = PBXBuildFile; fileRef = 635B4C768A5EBB8BD4278B68 /* Pods_Pokedex3.framework */; };
		CE2EF3EC1E778A4300AE6738 /* AppDelegate.swift in Sources */ = {isa = PBXBuildFile; fileRef = CE2EF3EB1E778A4300AE6738 /* AppDelegate.swift */; };
		CE2EF3EE1E778A4300AE6738 /* MainVC.swift in Sources */ = {isa = PBXBuildFile; fileRef = CE2EF3ED1E778A4300AE6738 /* MainVC.swift */; };
		CE2EF3F11E778A4300AE6738 /* Main.storyboard in Resources */ = {isa = PBXBuildFile; fileRef = CE2EF3EF1E778A4300AE6738 /* Main.storyboard */; };
		CE2EF3F31E778A4300AE6738 /* Assets.xcassets in Resources */ = {isa = PBXBuildFile; fileRef = CE2EF3F21E778A4300AE6738 /* Assets.xcassets */; };
		CE2EF3F61E778A4300AE6738 /* LaunchScreen.storyboard in Resources */ = {isa = PBXBuildFile; fileRef = CE2EF3F41E778A4300AE6738 /* LaunchScreen.storyboard */; };
		CE2EF3FE1E778B5A00AE6738 /* README.md in Sources */ = {isa = PBXBuildFile; fileRef = CE2EF3FD1E778B5A00AE6738 /* README.md */; };
		CE2EF4001E778E8600AE6738 /* pokemon.csv in Resources */ = {isa = PBXBuildFile; fileRef = CE2EF3FF1E778E8600AE6738 /* pokemon.csv */; };
		CE2EF4051E778F8300AE6738 /* Pokemon.swift in Sources */ = {isa = PBXBuildFile; fileRef = CE2EF4041E778F8300AE6738 /* Pokemon.swift */; };
		CE2EF4071E77945600AE6738 /* PokeCell.swift in Sources */ = {isa = PBXBuildFile; fileRef = CE2EF4061E77945600AE6738 /* PokeCell.swift */; };
		CE2EF4091E779C0500AE6738 /* csv.swift in Sources */ = {isa = PBXBuildFile; fileRef = CE2EF4081E779C0500AE6738 /* csv.swift */; };
		CE2EF40B1E77A57000AE6738 /* pokemon_jap.csv in Resources */ = {isa = PBXBuildFile; fileRef = CE2EF40A1E77A57000AE6738 /* pokemon_jap.csv */; };
		CE2EF40D1E77AD7200AE6738 /* customSegmentedControl.swift in Sources */ = {isa = PBXBuildFile; fileRef = CE2EF40C1E77AD7200AE6738 /* customSegmentedControl.swift */; };
		CE2EF4101E77B40E00AE6738 /* Pokemon Hollow.ttf in Resources */ = {isa = PBXBuildFile; fileRef = CE2EF40E1E77B40E00AE6738 /* Pokemon Hollow.ttf */; };
		CE2EF4111E77B40E00AE6738 /* Pokemon Solid.ttf in Resources */ = {isa = PBXBuildFile; fileRef = CE2EF40F1E77B40E00AE6738 /* Pokemon Solid.ttf */; };
		CE2EF4151E77B53E00AE6738 /* music.mp3 in Resources */ = {isa = PBXBuildFile; fileRef = CE2EF4141E77B53E00AE6738 /* music.mp3 */; };
		CE2EF4181E77BA3C00AE6738 /* Pokedex3.xcdatamodeld in Sources */ = {isa = PBXBuildFile; fileRef = CE2EF4161E77BA3C00AE6738 /* Pokedex3.xcdatamodeld */; };
		CE2EF41F1E77BDDB00AE6738 /* ItemType+CoreDataClass.swift in Sources */ = {isa = PBXBuildFile; fileRef = CE2EF4191E77BDDB00AE6738 /* ItemType+CoreDataClass.swift */; };
		CE2EF4201E77BDDB00AE6738 /* ItemType+CoreDataProperties.swift in Sources */ = {isa = PBXBuildFile; fileRef = CE2EF41A1E77BDDB00AE6738 /* ItemType+CoreDataProperties.swift */; };
		CE2EF4211E77BDDB00AE6738 /* Item+CoreDataClass.swift in Sources */ = {isa = PBXBuildFile; fileRef = CE2EF41B1E77BDDB00AE6738 /* Item+CoreDataClass.swift */; };
		CE2EF4221E77BDDB00AE6738 /* Item+CoreDataProperties.swift in Sources */ = {isa = PBXBuildFile; fileRef = CE2EF41C1E77BDDB00AE6738 /* Item+CoreDataProperties.swift */; };
		CE2EF4231E77BDDB00AE6738 /* Image+CoreDataClass.swift in Sources */ = {isa = PBXBuildFile; fileRef = CE2EF41D1E77BDDB00AE6738 /* Image+CoreDataClass.swift */; };
		CE2EF4241E77BDDB00AE6738 /* Image+CoreDataProperties.swift in Sources */ = {isa = PBXBuildFile; fileRef = CE2EF41E1E77BDDB00AE6738 /* Image+CoreDataProperties.swift */; };
		CE2EF4281E77DE1000AE6738 /* PokemonDetailVC.swift in Sources */ = {isa = PBXBuildFile; fileRef = CE2EF4271E77DE1000AE6738 /* PokemonDetailVC.swift */; };
		CE2EF42A1E7870B200AE6738 /* Constants.swift in Sources */ = {isa = PBXBuildFile; fileRef = CE2EF4291E7870B200AE6738 /* Constants.swift */; };
/* End PBXBuildFile section */

/* Begin PBXFileReference section */
		635B4C768A5EBB8BD4278B68 /* Pods_Pokedex3.framework */ = {isa = PBXFileReference; explicitFileType = wrapper.framework; includeInIndex = 0; path = Pods_Pokedex3.framework; sourceTree = BUILT_PRODUCTS_DIR; };
		68B48523AFD0034713A414FE /* Pods-Pokedex3.debug.xcconfig */ = {isa = PBXFileReference; includeInIndex = 1; lastKnownFileType = text.xcconfig; name = "Pods-Pokedex3.debug.xcconfig"; path = "Pods/Target Support Files/Pods-Pokedex3/Pods-Pokedex3.debug.xcconfig"; sourceTree = "<group>"; };
		A49271CDD708DC8C886AF3AF /* Pods-Pokedex3.release.xcconfig */ = {isa = PBXFileReference; includeInIndex = 1; lastKnownFileType = text.xcconfig; name = "Pods-Pokedex3.release.xcconfig"; path = "Pods/Target Support Files/Pods-Pokedex3/Pods-Pokedex3.release.xcconfig"; sourceTree = "<group>"; };
		CE2EF3E81E778A4300AE6738 /* Pokedex3.app */ = {isa = PBXFileReference; explicitFileType = wrapper.application; includeInIndex = 0; path = Pokedex3.app; sourceTree = BUILT_PRODUCTS_DIR; };
		CE2EF3EB1E778A4300AE6738 /* AppDelegate.swift */ = {isa = PBXFileReference; lastKnownFileType = sourcecode.swift; path = AppDelegate.swift; sourceTree = "<group>"; };
		CE2EF3ED1E778A4300AE6738 /* MainVC.swift */ = {isa = PBXFileReference; lastKnownFileType = sourcecode.swift; path = MainVC.swift; sourceTree = "<group>"; };
		CE2EF3F01E778A4300AE6738 /* Base */ = {isa = PBXFileReference; lastKnownFileType = file.storyboard; name = Base; path = Base.lproj/Main.storyboard; sourceTree = "<group>"; };
		CE2EF3F21E778A4300AE6738 /* Assets.xcassets */ = {isa = PBXFileReference; lastKnownFileType = folder.assetcatalog; path = Assets.xcassets; sourceTree = "<group>"; };
		CE2EF3F51E778A4300AE6738 /* Base */ = {isa = PBXFileReference; lastKnownFileType = file.storyboard; name = Base; path = Base.lproj/LaunchScreen.storyboard; sourceTree = "<group>"; };
		CE2EF3F71E778A4300AE6738 /* Info.plist */ = {isa = PBXFileReference; lastKnownFileType = text.plist.xml; path = Info.plist; sourceTree = "<group>"; };
		CE2EF3FD1E778B5A00AE6738 /* README.md */ = {isa = PBXFileReference; fileEncoding = 4; lastKnownFileType = net.daringfireball.markdown; path = README.md; sourceTree = "<group>"; };
		CE2EF3FF1E778E8600AE6738 /* pokemon.csv */ = {isa = PBXFileReference; fileEncoding = 4; lastKnownFileType = text; path = pokemon.csv; sourceTree = "<group>"; };
		CE2EF4041E778F8300AE6738 /* Pokemon.swift */ = {isa = PBXFileReference; fileEncoding = 4; lastKnownFileType = sourcecode.swift; path = Pokemon.swift; sourceTree = "<group>"; };
		CE2EF4061E77945600AE6738 /* PokeCell.swift */ = {isa = PBXFileReference; fileEncoding = 4; lastKnownFileType = sourcecode.swift; path = PokeCell.swift; sourceTree = "<group>"; };
		CE2EF4081E779C0500AE6738 /* csv.swift */ = {isa = PBXFileReference; fileEncoding = 4; lastKnownFileType = sourcecode.swift; path = csv.swift; sourceTree = "<group>"; };
		CE2EF40A1E77A57000AE6738 /* pokemon_jap.csv */ = {isa = PBXFileReference; fileEncoding = 4; lastKnownFileType = text; path = pokemon_jap.csv; sourceTree = "<group>"; };
		CE2EF40C1E77AD7200AE6738 /* customSegmentedControl.swift */ = {isa = PBXFileReference; fileEncoding = 4; lastKnownFileType = sourcecode.swift; path = customSegmentedControl.swift; sourceTree = "<group>"; };
		CE2EF40E1E77B40E00AE6738 /* Pokemon Hollow.ttf */ = {isa = PBXFileReference; lastKnownFileType = file; path = "Pokemon Hollow.ttf"; sourceTree = "<group>"; };
		CE2EF40F1E77B40E00AE6738 /* Pokemon Solid.ttf */ = {isa = PBXFileReference; lastKnownFileType = file; path = "Pokemon Solid.ttf"; sourceTree = "<group>"; };
		CE2EF4141E77B53E00AE6738 /* music.mp3 */ = {isa = PBXFileReference; lastKnownFileType = audio.mp3; path = music.mp3; sourceTree = "<group>"; };
		CE2EF4171E77BA3C00AE6738 /* Pokedex3.xcdatamodel */ = {isa = PBXFileReference; lastKnownFileType = wrapper.xcdatamodel; path = Pokedex3.xcdatamodel; sourceTree = "<group>"; };
		CE2EF4191E77BDDB00AE6738 /* ItemType+CoreDataClass.swift */ = {isa = PBXFileReference; fileEncoding = 4; lastKnownFileType = sourcecode.swift; path = "ItemType+CoreDataClass.swift"; sourceTree = "<group>"; };
		CE2EF41A1E77BDDB00AE6738 /* ItemType+CoreDataProperties.swift */ = {isa = PBXFileReference; fileEncoding = 4; lastKnownFileType = sourcecode.swift; path = "ItemType+CoreDataProperties.swift"; sourceTree = "<group>"; };
		CE2EF41B1E77BDDB00AE6738 /* Item+CoreDataClass.swift */ = {isa = PBXFileReference; fileEncoding = 4; lastKnownFileType = sourcecode.swift; path = "Item+CoreDataClass.swift"; sourceTree = "<group>"; };
		CE2EF41C1E77BDDB00AE6738 /* Item+CoreDataProperties.swift */ = {isa = PBXFileReference; fileEncoding = 4; lastKnownFileType = sourcecode.swift; path = "Item+CoreDataProperties.swift"; sourceTree = "<group>"; };
		CE2EF41D1E77BDDB00AE6738 /* Image+CoreDataClass.swift */ = {isa = PBXFileReference; fileEncoding = 4; lastKnownFileType = sourcecode.swift; path = "Image+CoreDataClass.swift"; sourceTree = "<group>"; };
		CE2EF41E1E77BDDB00AE6738 /* Image+CoreDataProperties.swift */ = {isa = PBXFileReference; fileEncoding = 4; lastKnownFileType = sourcecode.swift; path = "Image+CoreDataProperties.swift"; sourceTree = "<group>"; };
		CE2EF4271E77DE1000AE6738 /* PokemonDetailVC.swift */ = {isa = PBXFileReference; fileEncoding = 4; lastKnownFileType = sourcecode.swift; path = PokemonDetailVC.swift; sourceTree = "<group>"; };
		CE2EF4291E7870B200AE6738 /* Constants.swift */ = {isa = PBXFileReference; fileEncoding = 4; lastKnownFileType = sourcecode.swift; path = Constants.swift; sourceTree = "<group>"; };
/* End PBXFileReference section */

/* Begin PBXFrameworksBuildPhase section */
		CE2EF3E51E778A4300AE6738 /* Frameworks */ = {
			isa = PBXFrameworksBuildPhase;
			buildActionMask = 2147483647;
			files = (
				7DB93CDB664CE0329B072525 /* Pods_Pokedex3.framework in Frameworks */,
			);
			runOnlyForDeploymentPostprocessing = 0;
		};
/* End PBXFrameworksBuildPhase section */

/* Begin PBXGroup section */
		7F46AE614F26BA424AB24167 /* Frameworks */ = {
			isa = PBXGroup;
			children = (
				635B4C768A5EBB8BD4278B68 /* Pods_Pokedex3.framework */,
			);
			name = Frameworks;
			sourceTree = "<group>";
		};
		CE2EF3DF1E778A4300AE6738 = {
			isa = PBXGroup;
			children = (
				CE2EF3EA1E778A4300AE6738 /* Pokedex3 */,
				CE2EF3E91E778A4300AE6738 /* Products */,
				D8553D96D9E0190072DDF1BA /* Pods */,
				7F46AE614F26BA424AB24167 /* Frameworks */,
			);
			sourceTree = "<group>";
		};
		CE2EF3E91E778A4300AE6738 /* Products */ = {
			isa = PBXGroup;
			children = (
				CE2EF3E81E778A4300AE6738 /* Pokedex3.app */,
			);
			name = Products;
			sourceTree = "<group>";
		};
		CE2EF3EA1E778A4300AE6738 /* Pokedex3 */ = {
			isa = PBXGroup;
			children = (
				CE2EF4131E77B44300AE6738 /* Util */,
				CE2EF4121E77B42700AE6738 /* Resources */,
				CE2EF4031E778F5500AE6738 /* Controller */,
				CE2EF4021E778F5200AE6738 /* View */,
				CE2EF4011E778F4D00AE6738 /* Model */,
				CE2EF3EB1E778A4300AE6738 /* AppDelegate.swift */,
				CE2EF3EF1E778A4300AE6738 /* Main.storyboard */,
				CE2EF3F41E778A4300AE6738 /* LaunchScreen.storyboard */,
				CE2EF3F21E778A4300AE6738 /* Assets.xcassets */,
				CE2EF3FD1E778B5A00AE6738 /* README.md */,
				CE2EF3F71E778A4300AE6738 /* Info.plist */,
			);
			path = Pokedex3;
			sourceTree = "<group>";
		};
		CE2EF4011E778F4D00AE6738 /* Model */ = {
			isa = PBXGroup;
			children = (
				CE2EF4261E77BE0500AE6738 /* CoreData */,
				CE2EF4251E77BDED00AE6738 /* Generated */,
				CE2EF4161E77BA3C00AE6738 /* Pokedex3.xcdatamodeld */,
				CE2EF4041E778F8300AE6738 /* Pokemon.swift */,
			);
			name = Model;
			sourceTree = "<group>";
		};
		CE2EF4021E778F5200AE6738 /* View */ = {
			isa = PBXGroup;
			children = (
				CE2EF4061E77945600AE6738 /* PokeCell.swift */,
				CE2EF40C1E77AD7200AE6738 /* customSegmentedControl.swift */,
			);
			name = View;
			sourceTree = "<group>";
		};
		CE2EF4031E778F5500AE6738 /* Controller */ = {
			isa = PBXGroup;
			children = (
				CE2EF3ED1E778A4300AE6738 /* MainVC.swift */,
				CE2EF4271E77DE1000AE6738 /* PokemonDetailVC.swift */,
			);
			name = Controller;
			sourceTree = "<group>";
		};
		CE2EF4121E77B42700AE6738 /* Resources */ = {
			isa = PBXGroup;
			children = (
				CE2EF40A1E77A57000AE6738 /* pokemon_jap.csv */,
				CE2EF3FF1E778E8600AE6738 /* pokemon.csv */,
				CE2EF4141E77B53E00AE6738 /* music.mp3 */,
				CE2EF40E1E77B40E00AE6738 /* Pokemon Hollow.ttf */,
				CE2EF40F1E77B40E00AE6738 /* Pokemon Solid.ttf */,
			);
			name = Resources;
			sourceTree = "<group>";
		};
		CE2EF4131E77B44300AE6738 /* Util */ = {
			isa = PBXGroup;
			children = (
				CE2EF4081E779C0500AE6738 /* csv.swift */,
				CE2EF4291E7870B200AE6738 /* Constants.swift */,
			);
			name = Util;
			sourceTree = "<group>";
		};
		CE2EF4251E77BDED00AE6738 /* Generated */ = {
			isa = PBXGroup;
			children = (
				CE2EF41A1E77BDDB00AE6738 /* ItemType+CoreDataProperties.swift */,
				CE2EF41C1E77BDDB00AE6738 /* Item+CoreDataProperties.swift */,
				CE2EF41E1E77BDDB00AE6738 /* Image+CoreDataProperties.swift */,
			);
			name = Generated;
			sourceTree = "<group>";
		};
		CE2EF4261E77BE0500AE6738 /* CoreData */ = {
			isa = PBXGroup;
			children = (
				CE2EF4191E77BDDB00AE6738 /* ItemType+CoreDataClass.swift */,
				CE2EF41B1E77BDDB00AE6738 /* Item+CoreDataClass.swift */,
				CE2EF41D1E77BDDB00AE6738 /* Image+CoreDataClass.swift */,
			);
			name = CoreData;
			sourceTree = "<group>";
		};
		D8553D96D9E0190072DDF1BA /* Pods */ = {
			isa = PBXGroup;
			children = (
				68B48523AFD0034713A414FE /* Pods-Pokedex3.debug.xcconfig */,
				A49271CDD708DC8C886AF3AF /* Pods-Pokedex3.release.xcconfig */,
			);
			name = Pods;
			sourceTree = "<group>";
		};
/* End PBXGroup section */

/* Begin PBXNativeTarget section */
		CE2EF3E71E778A4300AE6738 /* Pokedex3 */ = {
			isa = PBXNativeTarget;
			buildConfigurationList = CE2EF3FA1E778A4300AE6738 /* Build configuration list for PBXNativeTarget "Pokedex3" */;
			buildPhases = (
				F295421215DEC5C97BEA26D3 /* [CP] Check Pods Manifest.lock */,
				CE2EF3E41E778A4300AE6738 /* Sources */,
				CE2EF3E51E778A4300AE6738 /* Frameworks */,
				CE2EF3E61E778A4300AE6738 /* Resources */,
				98E17180C10729CE6315F60D /* [CP] Embed Pods Frameworks */,
				52451D21BF677BB36A1235CE /* [CP] Copy Pods Resources */,
			);
			buildRules = (
			);
			dependencies = (
			);
			name = Pokedex3;
			productName = Pokedex3;
			productReference = CE2EF3E81E778A4300AE6738 /* Pokedex3.app */;
			productType = "com.apple.product-type.application";
		};
/* End PBXNativeTarget section */

/* Begin PBXProject section */
		CE2EF3E01E778A4300AE6738 /* Project object */ = {
			isa = PBXProject;
			attributes = {
				LastSwiftUpdateCheck = 0830;
				LastUpgradeCheck = 0830;
				ORGANIZATIONNAME = Someonesgarden;
				TargetAttributes = {
					CE2EF3E71E778A4300AE6738 = {
						CreatedOnToolsVersion = 8.3;
						DevelopmentTeam = U4DN43F697;
						LastSwiftMigration = 0830;
						ProvisioningStyle = Automatic;
					};
				};
			};
			buildConfigurationList = CE2EF3E31E778A4300AE6738 /* Build configuration list for PBXProject "Pokedex3" */;
			compatibilityVersion = "Xcode 3.2";
			developmentRegion = English;
			hasScannedForEncodings = 0;
			knownRegions = (
				en,
				Base,
			);
			mainGroup = CE2EF3DF1E778A4300AE6738;
			productRefGroup = CE2EF3E91E778A4300AE6738 /* Products */;
			projectDirPath = "";
			projectRoot = "";
			targets = (
				CE2EF3E71E778A4300AE6738 /* Pokedex3 */,
			);
		};
/* End PBXProject section */

/* Begin PBXResourcesBuildPhase section */
		CE2EF3E61E778A4300AE6738 /* Resources */ = {
			isa = PBXResourcesBuildPhase;
			buildActionMask = 2147483647;
			files = (
				CE2EF4151E77B53E00AE6738 /* music.mp3 in Resources */,
				CE2EF3F61E778A4300AE6738 /* LaunchScreen.storyboard in Resources */,
				CE2EF3F31E778A4300AE6738 /* Assets.xcassets in Resources */,
				CE2EF4101E77B40E00AE6738 /* Pokemon Hollow.ttf in Resources */,
				CE2EF40B1E77A57000AE6738 /* pokemon_jap.csv in Resources */,
				CE2EF4001E778E8600AE6738 /* pokemon.csv in Resources */,
				CE2EF3F11E778A4300AE6738 /* Main.storyboard in Resources */,
				CE2EF4111E77B40E00AE6738 /* Pokemon Solid.ttf in Resources */,
			);
			runOnlyForDeploymentPostprocessing = 0;
		};
/* End PBXResourcesBuildPhase section */

/* Begin PBXShellScriptBuildPhase section */
		52451D21BF677BB36A1235CE /* [CP] Copy Pods Resources */ = {
			isa = PBXShellScriptBuildPhase;
			buildActionMask = 2147483647;
			files = (
			);
			inputPaths = (
			);
			name = "[CP] Copy Pods Resources";
			outputPaths = (
			);
			runOnlyForDeploymentPostprocessing = 0;
			shellPath = /bin/sh;
			shellScript = "\"${SRCROOT}/Pods/Target Support Files/Pods-Pokedex3/Pods-Pokedex3-resources.sh\"\n";
			showEnvVarsInLog = 0;
		};
		98E17180C10729CE6315F60D /* [CP] Embed Pods Frameworks */ = {
			isa = PBXShellScriptBuildPhase;
			buildActionMask = 2147483647;
			files = (
			);
			inputPaths = (
			);
			name = "[CP] Embed Pods Frameworks";
			outputPaths = (
			);
			runOnlyForDeploymentPostprocessing = 0;
			shellPath = /bin/sh;
			shellScript = "\"${SRCROOT}/Pods/Target Support Files/Pods-Pokedex3/Pods-Pokedex3-frameworks.sh\"\n";
			showEnvVarsInLog = 0;
		};
		F295421215DEC5C97BEA26D3 /* [CP] Check Pods Manifest.lock */ = {
			isa = PBXShellScriptBuildPhase;
			buildActionMask = 2147483647;
			files = (
			);
			inputPaths = (
			);
			name = "[CP] Check Pods Manifest.lock";
			outputPaths = (
			);
			runOnlyForDeploymentPostprocessing = 0;
			shellPath = /bin/sh;
			shellScript = "diff \"${PODS_ROOT}/../Podfile.lock\" \"${PODS_ROOT}/Manifest.lock\" > /dev/null\nif [ $? != 0 ] ; then\n    # print error to STDERR\n    echo \"error: The sandbox is not in sync with the Podfile.lock. Run 'pod install' or update your CocoaPods installation.\" >&2\n    exit 1\nfi\n";
			showEnvVarsInLog = 0;
		};
/* End PBXShellScriptBuildPhase section */

/* Begin PBXSourcesBuildPhase section */
		CE2EF3E41E778A4300AE6738 /* Sources */ = {
			isa = PBXSourcesBuildPhase;
			buildActionMask = 2147483647;
			files = (
				CE2EF4181E77BA3C00AE6738 /* Pokedex3.xcdatamodeld in Sources */,
				CE2EF4091E779C0500AE6738 /* csv.swift in Sources */,
				CE2EF3FE1E778B5A00AE6738 /* README.md in Sources */,
				CE2EF4281E77DE1000AE6738 /* PokemonDetailVC.swift in Sources */,
				CE2EF4051E778F8300AE6738 /* Pokemon.swift in Sources */,
				CE2EF4071E77945600AE6738 /* PokeCell.swift in Sources */,
				CE2EF4211E77BDDB00AE6738 /* Item+CoreDataClass.swift in Sources */,
				CE2EF42A1E7870B200AE6738 /* Constants.swift in Sources */,
				CE2EF4221E77BDDB00AE6738 /* Item+CoreDataProperties.swift in Sources */,
				CE2EF3EE1E778A4300AE6738 /* MainVC.swift in Sources */,
				CE2EF4201E77BDDB00AE6738 /* ItemType+CoreDataProperties.swift in Sources */,
				CE2EF41F1E77BDDB00AE6738 /* ItemType+CoreDataClass.swift in Sources */,
				CE2EF3EC1E778A4300AE6738 /* AppDelegate.swift in Sources */,
				CE2EF4231E77BDDB00AE6738 /* Image+CoreDataClass.swift in Sources */,
				CE2EF40D1E77AD7200AE6738 /* customSegmentedControl.swift in Sources */,
				CE2EF4241E77BDDB00AE6738 /* Image+CoreDataProperties.swift in Sources */,
			);
			runOnlyForDeploymentPostprocessing = 0;
		};
/* End PBXSourcesBuildPhase section */

/* Begin PBXVariantGroup section */
		CE2EF3EF1E778A4300AE6738 /* Main.storyboard */ = {
			isa = PBXVariantGroup;
			children = (
				CE2EF3F01E778A4300AE6738 /* Base */,
			);
			name = Main.storyboard;
			sourceTree = "<group>";
		};
		CE2EF3F41E778A4300AE6738 /* LaunchScreen.storyboard */ = {
			isa = PBXVariantGroup;
			children = (
				CE2EF3F51E778A4300AE6738 /* Base */,
			);
			name = LaunchScreen.storyboard;
			sourceTree = "<group>";
		};
/* End PBXVariantGroup section */

/* Begin XCBuildConfiguration section */
		CE2EF3F81E778A4300AE6738 /* Debug */ = {
			isa = XCBuildConfiguration;
			buildSettings = {
				ALWAYS_SEARCH_USER_PATHS = NO;
				CLANG_ANALYZER_NONNULL = YES;
				CLANG_ANALYZER_NUMBER_OBJECT_CONVERSION = YES_AGGRESSIVE;
				CLANG_CXX_LANGUAGE_STANDARD = "gnu++0x";
				CLANG_CXX_LIBRARY = "libc++";
				CLANG_ENABLE_MODULES = YES;
				CLANG_ENABLE_OBJC_ARC = YES;
				CLANG_WARN_BOOL_CONVERSION = YES;
				CLANG_WARN_CONSTANT_CONVERSION = YES;
				CLANG_WARN_DIRECT_OBJC_ISA_USAGE = YES_ERROR;
				CLANG_WARN_DOCUMENTATION_COMMENTS = YES;
				CLANG_WARN_EMPTY_BODY = YES;
				CLANG_WARN_ENUM_CONVERSION = YES;
				CLANG_WARN_INFINITE_RECURSION = YES;
				CLANG_WARN_INT_CONVERSION = YES;
				CLANG_WARN_OBJC_ROOT_CLASS = YES_ERROR;
				CLANG_WARN_SUSPICIOUS_MOVE = YES;
				CLANG_WARN_UNREACHABLE_CODE = YES;
				CLANG_WARN__DUPLICATE_METHOD_MATCH = YES;
				"CODE_SIGN_IDENTITY[sdk=iphoneos*]" = "iPhone Developer";
				COPY_PHASE_STRIP = NO;
				DEBUG_INFORMATION_FORMAT = dwarf;
				ENABLE_STRICT_OBJC_MSGSEND = YES;
				ENABLE_TESTABILITY = YES;
				GCC_C_LANGUAGE_STANDARD = gnu99;
				GCC_DYNAMIC_NO_PIC = NO;
				GCC_NO_COMMON_BLOCKS = YES;
				GCC_OPTIMIZATION_LEVEL = 0;
				GCC_PREPROCESSOR_DEFINITIONS = (
					"DEBUG=1",
					"$(inherited)",
				);
				GCC_WARN_64_TO_32_BIT_CONVERSION = YES;
				GCC_WARN_ABOUT_RETURN_TYPE = YES_ERROR;
				GCC_WARN_UNDECLARED_SELECTOR = YES;
				GCC_WARN_UNINITIALIZED_AUTOS = YES_AGGRESSIVE;
				GCC_WARN_UNUSED_FUNCTION = YES;
				GCC_WARN_UNUSED_VARIABLE = YES;
				IPHONEOS_DEPLOYMENT_TARGET = 10.3;
				MTL_ENABLE_DEBUG_INFO = YES;
				ONLY_ACTIVE_ARCH = YES;
				SDKROOT = iphoneos;
				SWIFT_ACTIVE_COMPILATION_CONDITIONS = DEBUG;
				SWIFT_OPTIMIZATION_LEVEL = "-Onone";
			};
			name = Debug;
		};
		CE2EF3F91E778A4300AE6738 /* Release */ = {
			isa = XCBuildConfiguration;
			buildSettings = {
				ALWAYS_SEARCH_USER_PATHS = NO;
				CLANG_ANALYZER_NONNULL = YES;
				CLANG_ANALYZER_NUMBER_OBJECT_CONVERSION = YES_AGGRESSIVE;
				CLANG_CXX_LANGUAGE_STANDARD = "gnu++0x";
				CLANG_CXX_LIBRARY = "libc++";
				CLANG_ENABLE_MODULES = YES;
				CLANG_ENABLE_OBJC_ARC = YES;
				CLANG_WARN_BOOL_CONVERSION = YES;
				CLANG_WARN_CONSTANT_CONVERSION = YES;
				CLANG_WARN_DIRECT_OBJC_ISA_USAGE = YES_ERROR;
				CLANG_WARN_DOCUMENTATION_COMMENTS = YES;
				CLANG_WARN_EMPTY_BODY = YES;
				CLANG_WARN_ENUM_CONVERSION = YES;
				CLANG_WARN_INFINITE_RECURSION = YES;
				CLANG_WARN_INT_CONVERSION = YES;
				CLANG_WARN_OBJC_ROOT_CLASS = YES_ERROR;
				CLANG_WARN_SUSPICIOUS_MOVE = YES;
				CLANG_WARN_UNREACHABLE_CODE = YES;
				CLANG_WARN__DUPLICATE_METHOD_MATCH = YES;
				"CODE_SIGN_IDENTITY[sdk=iphoneos*]" = "iPhone Developer";
				COPY_PHASE_STRIP = NO;
				DEBUG_INFORMATION_FORMAT = "dwarf-with-dsym";
				ENABLE_NS_ASSERTIONS = NO;
				ENABLE_STRICT_OBJC_MSGSEND = YES;
				GCC_C_LANGUAGE_STANDARD = gnu99;
				GCC_NO_COMMON_BLOCKS = YES;
				GCC_WARN_64_TO_32_BIT_CONVERSION = YES;
				GCC_WARN_ABOUT_RETURN_TYPE = YES_ERROR;
				GCC_WARN_UNDECLARED_SELECTOR = YES;
				GCC_WARN_UNINITIALIZED_AUTOS = YES_AGGRESSIVE;
				GCC_WARN_UNUSED_FUNCTION = YES;
				GCC_WARN_UNUSED_VARIABLE = YES;
				IPHONEOS_DEPLOYMENT_TARGET = 10.3;
				MTL_ENABLE_DEBUG_INFO = NO;
				SDKROOT = iphoneos;
				SWIFT_OPTIMIZATION_LEVEL = "-Owholemodule";
				VALIDATE_PRODUCT = YES;
			};
			name = Release;
		};
		CE2EF3FB1E778A4300AE6738 /* Debug */ = {
			isa = XCBuildConfiguration;
			baseConfigurationReference = 68B48523AFD0034713A414FE /* Pods-Pokedex3.debug.xcconfig */;
			buildSettings = {
				ASSETCATALOG_COMPILER_APPICON_NAME = AppIcon;
				DEVELOPMENT_TEAM = U4DN43F697;
				INFOPLIST_FILE = Pokedex3/Info.plist;
				IPHONEOS_DEPLOYMENT_TARGET = 10.1;
				LD_RUNPATH_SEARCH_PATHS = "$(inherited) @executable_path/Frameworks";
				PRODUCT_BUNDLE_IDENTIFIER = org.someonesgarden.daisuke.Pokedex3;
				PRODUCT_NAME = "$(TARGET_NAME)";
				SWIFT_VERSION = 3.0;
			};
			name = Debug;
		};
		CE2EF3FC1E778A4300AE6738 /* Release */ = {
			isa = XCBuildConfiguration;
			baseConfigurationReference = A49271CDD708DC8C886AF3AF /* Pods-Pokedex3.release.xcconfig */;
			buildSettings = {
				ASSETCATALOG_COMPILER_APPICON_NAME = AppIcon;
				DEVELOPMENT_TEAM = U4DN43F697;
				INFOPLIST_FILE = Pokedex3/Info.plist;
				IPHONEOS_DEPLOYMENT_TARGET = 10.1;
				LD_RUNPATH_SEARCH_PATHS = "$(inherited) @executable_path/Frameworks";
				PRODUCT_BUNDLE_IDENTIFIER = org.someonesgarden.daisuke.Pokedex3;
				PRODUCT_NAME = "$(TARGET_NAME)";
				SWIFT_VERSION = 3.0;
			};
			name = Release;
		};
/* End XCBuildConfiguration section */

/* Begin XCConfigurationList section */
		CE2EF3E31E778A4300AE6738 /* Build configuration list for PBXProject "Pokedex3" */ = {
			isa = XCConfigurationList;
			buildConfigurations = (
				CE2EF3F81E778A4300AE6738 /* Debug */,
				CE2EF3F91E778A4300AE6738 /* Release */,
			);
			defaultConfigurationIsVisible = 0;
			defaultConfigurationName = Release;
		};
		CE2EF3FA1E778A4300AE6738 /* Build configuration list for PBXNativeTarget "Pokedex3" */ = {
			isa = XCConfigurationList;
			buildConfigurations = (
				CE2EF3FB1E778A4300AE6738 /* Debug */,
				CE2EF3FC1E778A4300AE6738 /* Release */,
			);
			defaultConfigurationIsVisible = 0;
			defaultConfigurationName = Release;
		};
/* End XCConfigurationList section */

/* Begin XCVersionGroup section */
		CE2EF4161E77BA3C00AE6738 /* Pokedex3.xcdatamodeld */ = {
			isa = XCVersionGroup;
			children = (
				CE2EF4171E77BA3C00AE6738 /* Pokedex3.xcdatamodel */,
			);
			currentVersion = CE2EF4171E77BA3C00AE6738 /* Pokedex3.xcdatamodel */;
			path = Pokedex3.xcdatamodeld;
			sourceTree = "<group>";
			versionGroupType = wrapper.xcdatamodel;
		};
/* End XCVersionGroup section */
	};
	rootObject = CE2EF3E01E778A4300AE6738 /* Project object */;
}
